
Microsoft Visual Studio Solution File, Format Version 12.00
# Visual Studio Version 16
VisualStudioVersion = 16.0.31025.218
MinimumVisualStudioVersion = 10.0.40219.1
Project("{FAE04EC0-301F-11D3-BF4B-00C04F79EFBC}") = "JSON-ORM.Vector", "Vector\JSON-ORM.Vector.csproj", "{5F02FE90-8A81-4CE4-BEB5-94A4F2153D26}"
EndProject
Global
	GlobalSection(SolutionConfigurationPlatforms) = preSolution
		Debug|Any CPU = Debug|Any CPU
		Release|Any CPU = Release|Any CPU
	EndGlobalSection
	GlobalSection(ProjectConfigurationPlatforms) = postSolution
		{5F02FE90-8A81-4CE4-BEB5-94A4F2153D26}.Debug|Any CPU.ActiveCfg = Debug|Any CPU
		{5F02FE90-8A81-4CE4-BEB5-94A4F2153D26}.Debug|Any CPU.Build.0 = Debug|Any CPU
		{5F02FE90-8A81-4CE4-BEB5-94A4F2153D26}.Release|Any CPU.ActiveCfg = Release|Any CPU
		{5F02FE90-8A81-4CE4-BEB5-94A4F2153D26}.Release|Any CPU.Build.0 = Release|Any CPU
	EndGlobalSection
	GlobalSection(SolutionProperties) = preSolution
		HideSolutionNode = FALSE
	EndGlobalSection
	GlobalSection(ExtensibilityGlobals) = postSolution
		SolutionGuid = {B5D5CCB1-F684-4D96-A06B-0CB83B29CB0E}
	EndGlobalSection
EndGlobal
